// !$*UTF8*$!
{
	archiveVersion = 1;
	classes = {
	};
	objectVersion = 55;
	objects = {

/* Begin PBXBuildFile section */
		EF0D6234282D20B800AC2D0F /* astronauts.json in Resources */ = {isa = PBXBuildFile; fileRef = EF0D6233282D20B800AC2D0F /* astronauts.json */; };
		EF0D6236282D20CA00AC2D0F /* missions.json in Resources */ = {isa = PBXBuildFile; fileRef = EF0D6235282D20C900AC2D0F /* missions.json */; };
		EF0D6238282D213200AC2D0F /* Astronaut.swift in Sources */ = {isa = PBXBuildFile; fileRef = EF0D6237282D213200AC2D0F /* Astronaut.swift */; };
		EF0D623A282D21AA00AC2D0F /* Bundle-Decodable.swift in Sources */ = {isa = PBXBuildFile; fileRef = EF0D6239282D21AA00AC2D0F /* Bundle-Decodable.swift */; };
		EF0D623C282D2A2600AC2D0F /* Mission.swift in Sources */ = {isa = PBXBuildFile; fileRef = EF0D623B282D2A2600AC2D0F /* Mission.swift */; };
		EF1E14B0282A7F2300682E57 /* MoonshotApp.swift in Sources */ = {isa = PBXBuildFile; fileRef = EF1E14AF282A7F2300682E57 /* MoonshotApp.swift */; };
		EF1E14B2282A7F2300682E57 /* ContentView.swift in Sources */ = {isa = PBXBuildFile; fileRef = EF1E14B1282A7F2300682E57 /* ContentView.swift */; };
		EF1E14B4282A7F2400682E57 /* Assets.xcassets in Resources */ = {isa = PBXBuildFile; fileRef = EF1E14B3282A7F2400682E57 /* Assets.xcassets */; };
		EF1E14B7282A7F2400682E57 /* Preview Assets.xcassets in Resources */ = {isa = PBXBuildFile; fileRef = EF1E14B6282A7F2400682E57 /* Preview Assets.xcassets */; };
		EF66055F282BD6A00084D266 /* UserInput.swift in Sources */ = {isa = PBXBuildFile; fileRef = EF66055E282BD6A00084D266 /* UserInput.swift */; };
		EF7559DD28304C0D00B0BCC1 /* Color-Theme.swift in Sources */ = {isa = PBXBuildFile; fileRef = EF7559DC28304C0D00B0BCC1 /* Color-Theme.swift */; };
		EF82B14D2833BD5D00B342A9 /* AstronautView.swift in Sources */ = {isa = PBXBuildFile; fileRef = EF82B14C2833BD5D00B342A9 /* AstronautView.swift */; };
		EFE89001283267B10078BDC0 /* MissionView.swift in Sources */ = {isa = PBXBuildFile; fileRef = EFE89000283267B10078BDC0 /* MissionView.swift */; };
/* End PBXBuildFile section */

/* Begin PBXFileReference section */
		EF0D6233282D20B800AC2D0F /* astronauts.json */ = {isa = PBXFileReference; fileEncoding = 4; lastKnownFileType = text.json; path = astronauts.json; sourceTree = "<group>"; };
		EF0D6235282D20C900AC2D0F /* missions.json */ = {isa = PBXFileReference; fileEncoding = 4; lastKnownFileType = text.json; path = missions.json; sourceTree = "<group>"; };
		EF0D6237282D213200AC2D0F /* Astronaut.swift */ = {isa = PBXFileReference; lastKnownFileType = sourcecode.swift; path = Astronaut.swift; sourceTree = "<group>"; };
		EF0D6239282D21AA00AC2D0F /* Bundle-Decodable.swift */ = {isa = PBXFileReference; lastKnownFileType = sourcecode.swift; path = "Bundle-Decodable.swift"; sourceTree = "<group>"; };
		EF0D623B282D2A2600AC2D0F /* Mission.swift */ = {isa = PBXFileReference; lastKnownFileType = sourcecode.swift; path = Mission.swift; sourceTree = "<group>"; };
		EF1E14AC282A7F2300682E57 /* Moonshot.app */ = {isa = PBXFileReference; explicitFileType = wrapper.application; includeInIndex = 0; path = Moonshot.app; sourceTree = BUILT_PRODUCTS_DIR; };
		EF1E14AF282A7F2300682E57 /* MoonshotApp.swift */ = {isa = PBXFileReference; lastKnownFileType = sourcecode.swift; path = MoonshotApp.swift; sourceTree = "<group>"; };
		EF1E14B1282A7F2300682E57 /* ContentView.swift */ = {isa = PBXFileReference; lastKnownFileType = sourcecode.swift; path = ContentView.swift; sourceTree = "<group>"; };
		EF1E14B3282A7F2400682E57 /* Assets.xcassets */ = {isa = PBXFileReference; lastKnownFileType = folder.assetcatalog; path = Assets.xcassets; sourceTree = "<group>"; };
		EF1E14B6282A7F2400682E57 /* Preview Assets.xcassets */ = {isa = PBXFileReference; lastKnownFileType = folder.assetcatalog; path = "Preview Assets.xcassets"; sourceTree = "<group>"; };
		EF66055E282BD6A00084D266 /* UserInput.swift */ = {isa = PBXFileReference; lastKnownFileType = sourcecode.swift; path = UserInput.swift; sourceTree = "<group>"; };
		EF7559DC28304C0D00B0BCC1 /* Color-Theme.swift */ = {isa = PBXFileReference; lastKnownFileType = sourcecode.swift; path = "Color-Theme.swift"; sourceTree = "<group>"; };
		EF82B14C2833BD5D00B342A9 /* AstronautView.swift */ = {isa = PBXFileReference; lastKnownFileType = sourcecode.swift; path = AstronautView.swift; sourceTree = "<group>"; };
		EFE89000283267B10078BDC0 /* MissionView.swift */ = {isa = PBXFileReference; lastKnownFileType = sourcecode.swift; path = MissionView.swift; sourceTree = "<group>"; };
/* End PBXFileReference section */

/* Begin PBXFrameworksBuildPhase section */
		EF1E14A9282A7F2300682E57 /* Frameworks */ = {
			isa = PBXFrameworksBuildPhase;
			buildActionMask = 2147483647;
			files = (
			);
			runOnlyForDeploymentPostprocessing = 0;
		};
/* End PBXFrameworksBuildPhase section */

/* Begin PBXGroup section */
		EF1E14A3282A7F2300682E57 = {
			isa = PBXGroup;
			children = (
				EF1E14AE282A7F2300682E57 /* Moonshot */,
				EF1E14AD282A7F2300682E57 /* Products */,
			);
			sourceTree = "<group>";
		};
		EF1E14AD282A7F2300682E57 /* Products */ = {
			isa = PBXGroup;
			children = (
				EF1E14AC282A7F2300682E57 /* Moonshot.app */,
			);
			name = Products;
			sourceTree = "<group>";
		};
		EF1E14AE282A7F2300682E57 /* Moonshot */ = {
			isa = PBXGroup;
			children = (
				EF82B14F2833BDB300B342A9 /* AuxiliaryFiles */,
				EF82B14E2833BD8300B342A9 /* Model */,
				EF82B1502833BDE700B342A9 /* View */,
				EF1E14AF282A7F2300682E57 /* MoonshotApp.swift */,
				EF1E14B3282A7F2400682E57 /* Assets.xcassets */,
				EF0D6233282D20B800AC2D0F /* astronauts.json */,
				EF0D6235282D20C900AC2D0F /* missions.json */,
				EF1E14B5282A7F2400682E57 /* Preview Content */,
			);
			path = Moonshot;
			sourceTree = "<group>";
		};
		EF1E14B5282A7F2400682E57 /* Preview Content */ = {
			isa = PBXGroup;
			children = (
				EF1E14B6282A7F2400682E57 /* Preview Assets.xcassets */,
			);
			path = "Preview Content";
			sourceTree = "<group>";
		};
		EF82B14E2833BD8300B342A9 /* Model */ = {
			isa = PBXGroup;
			children = (
				EF66055E282BD6A00084D266 /* UserInput.swift */,
				EF0D6237282D213200AC2D0F /* Astronaut.swift */,
				EF0D623B282D2A2600AC2D0F /* Mission.swift */,
			);
			path = Model;
			sourceTree = "<group>";
		};
		EF82B14F2833BDB300B342A9 /* AuxiliaryFiles */ = {
			isa = PBXGroup;
			children = (
				EF0D6239282D21AA00AC2D0F /* Bundle-Decodable.swift */,
				EF7559DC28304C0D00B0BCC1 /* Color-Theme.swift */,
			);
			path = AuxiliaryFiles;
			sourceTree = "<group>";
		};
		EF82B1502833BDE700B342A9 /* View */ = {
			isa = PBXGroup;
			children = (
				EF82B14C2833BD5D00B342A9 /* AstronautView.swift */,
				EFE89000283267B10078BDC0 /* MissionView.swift */,
				EF1E14B1282A7F2300682E57 /* ContentView.swift */,
			);
			path = View;
			sourceTree = "<group>";
		};
/* End PBXGroup section */

/* Begin PBXNativeTarget section */
		EF1E14AB282A7F2300682E57 /* Moonshot */ = {
			isa = PBXNativeTarget;
			buildConfigurationList = EF1E14BA282A7F2400682E57 /* Build configuration list for PBXNativeTarget "Moonshot" */;
			buildPhases = (
				EF1E14A8282A7F2300682E57 /* Sources */,
				EF1E14A9282A7F2300682E57 /* Frameworks */,
				EF1E14AA282A7F2300682E57 /* Resources */,
			);
			buildRules = (
			);
			dependencies = (
			);
			name = Moonshot;
			productName = Moonshot;
			productReference = EF1E14AC282A7F2300682E57 /* Moonshot.app */;
			productType = "com.apple.product-type.application";
		};
/* End PBXNativeTarget section */

/* Begin PBXProject section */
		EF1E14A4282A7F2300682E57 /* Project object */ = {
			isa = PBXProject;
			attributes = {
				BuildIndependentTargetsInParallel = 1;
				LastSwiftUpdateCheck = 1330;
				LastUpgradeCheck = 1330;
				TargetAttributes = {
					EF1E14AB282A7F2300682E57 = {
						CreatedOnToolsVersion = 13.3;
					};
				};
			};
			buildConfigurationList = EF1E14A7282A7F2300682E57 /* Build configuration list for PBXProject "Moonshot" */;
			compatibilityVersion = "Xcode 13.0";
			developmentRegion = en;
			hasScannedForEncodings = 0;
			knownRegions = (
				en,
				Base,
			);
			mainGroup = EF1E14A3282A7F2300682E57;
			productRefGroup = EF1E14AD282A7F2300682E57 /* Products */;
			projectDirPath = "";
			projectRoot = "";
			targets = (
				EF1E14AB282A7F2300682E57 /* Moonshot */,
			);
		};
/* End PBXProject section */

/* Begin PBXResourcesBuildPhase section */
		EF1E14AA282A7F2300682E57 /* Resources */ = {
			isa = PBXResourcesBuildPhase;
			buildActionMask = 2147483647;
			files = (
				EF0D6234282D20B800AC2D0F /* astronauts.json in Resources */,
				EF1E14B7282A7F2400682E57 /* Preview Assets.xcassets in Resources */,
				EF0D6236282D20CA00AC2D0F /* missions.json in Resources */,
				EF1E14B4282A7F2400682E57 /* Assets.xcassets in Resources */,
			);
			runOnlyForDeploymentPostprocessing = 0;
		};
/* End PBXResourcesBuildPhase section */

/* Begin PBXSourcesBuildPhase section */
		EF1E14A8282A7F2300682E57 /* Sources */ = {
			isa = PBXSourcesBuildPhase;
			buildActionMask = 2147483647;
			files = (
				EF0D623C282D2A2600AC2D0F /* Mission.swift in Sources */,
				EF82B14D2833BD5D00B342A9 /* AstronautView.swift in Sources */,
				EFE89001283267B10078BDC0 /* MissionView.swift in Sources */,
				EF1E14B2282A7F2300682E57 /* ContentView.swift in Sources */,
				EF7559DD28304C0D00B0BCC1 /* Color-Theme.swift in Sources */,
				EF66055F282BD6A00084D266 /* UserInput.swift in Sources */,
				EF0D623A282D21AA00AC2D0F /* Bundle-Decodable.swift in Sources */,
				EF1E14B0282A7F2300682E57 /* MoonshotApp.swift in Sources */,
				EF0D6238282D213200AC2D0F /* Astronaut.swift in Sources */,
			);
			runOnlyForDeploymentPostprocessing = 0;
		};
/* End PBXSourcesBuildPhase section */

/* Begin XCBuildConfiguration section */
		EF1E14B8282A7F2400682E57 /* Debug */ = {
			isa = XCBuildConfiguration;
			buildSettings = {
				ALWAYS_SEARCH_USER_PATHS = NO;
				CLANG_ANALYZER_NONNULL = YES;
				CLANG_ANALYZER_NUMBER_OBJECT_CONVERSION = YES_AGGRESSIVE;
				CLANG_CXX_LANGUAGE_STANDARD = "gnu++17";
				CLANG_ENABLE_MODULES = YES;
				CLANG_ENABLE_OBJC_ARC = YES;
				CLANG_ENABLE_OBJC_WEAK = YES;
				CLANG_WARN_BLOCK_CAPTURE_AUTORELEASING = YES;
				CLANG_WARN_BOOL_CONVERSION = YES;
				CLANG_WARN_COMMA = YES;
				CLANG_WARN_CONSTANT_CONVERSION = YES;
				CLANG_WARN_DEPRECATED_OBJC_IMPLEMENTATIONS = YES;
				CLANG_WARN_DIRECT_OBJC_ISA_USAGE = YES_ERROR;
				CLANG_WARN_DOCUMENTATION_COMMENTS = YES;
				CLANG_WARN_EMPTY_BODY = YES;
				CLANG_WARN_ENUM_CONVERSION = YES;
				CLANG_WARN_INFINITE_RECURSION = YES;
				CLANG_WARN_INT_CONVERSION = YES;
				CLANG_WARN_NON_LITERAL_NULL_CONVERSION = YES;
				CLANG_WARN_OBJC_IMPLICIT_RETAIN_SELF = YES;
				CLANG_WARN_OBJC_LITERAL_CONVERSION = YES;
				CLANG_WARN_OBJC_ROOT_CLASS = YES_ERROR;
				CLANG_WARN_QUOTED_INCLUDE_IN_FRAMEWORK_HEADER = YES;
				CLANG_WARN_RANGE_LOOP_ANALYSIS = YES;
				CLANG_WARN_STRICT_PROTOTYPES = YES;
				CLANG_WARN_SUSPICIOUS_MOVE = YES;
				CLANG_WARN_UNGUARDED_AVAILABILITY = YES_AGGRESSIVE;
				CLANG_WARN_UNREACHABLE_CODE = YES;
				CLANG_WARN__DUPLICATE_METHOD_MATCH = YES;
				COPY_PHASE_STRIP = NO;
				DEBUG_INFORMATION_FORMAT = dwarf;
				ENABLE_STRICT_OBJC_MSGSEND = YES;
				ENABLE_TESTABILITY = YES;
				GCC_C_LANGUAGE_STANDARD = gnu11;
				GCC_DYNAMIC_NO_PIC = NO;
				GCC_NO_COMMON_BLOCKS = YES;
				GCC_OPTIMIZATION_LEVEL = 0;
				GCC_PREPROCESSOR_DEFINITIONS = (
					"DEBUG=1",
					"$(inherited)",
				);
				GCC_WARN_64_TO_32_BIT_CONVERSION = YES;
				GCC_WARN_ABOUT_RETURN_TYPE = YES_ERROR;
				GCC_WARN_UNDECLARED_SELECTOR = YES;
				GCC_WARN_UNINITIALIZED_AUTOS = YES_AGGRESSIVE;
				GCC_WARN_UNUSED_FUNCTION = YES;
				GCC_WARN_UNUSED_VARIABLE = YES;
				IPHONEOS_DEPLOYMENT_TARGET = 15.4;
				MTL_ENABLE_DEBUG_INFO = INCLUDE_SOURCE;
				MTL_FAST_MATH = YES;
				ONLY_ACTIVE_ARCH = YES;
				SDKROOT = iphoneos;
				SWIFT_ACTIVE_COMPILATION_CONDITIONS = DEBUG;
				SWIFT_OPTIMIZATION_LEVEL = "-Onone";
			};
			name = Debug;
		};
		EF1E14B9282A7F2400682E57 /* Release */ = {
			isa = XCBuildConfiguration;
			buildSettings = {
				ALWAYS_SEARCH_USER_PATHS = NO;
				CLANG_ANALYZER_NONNULL = YES;
				CLANG_ANALYZER_NUMBER_OBJECT_CONVERSION = YES_AGGRESSIVE;
				CLANG_CXX_LANGUAGE_STANDARD = "gnu++17";
				CLANG_ENABLE_MODULES = YES;
				CLANG_ENABLE_OBJC_ARC = YES;
				CLANG_ENABLE_OBJC_WEAK = YES;
				CLANG_WARN_BLOCK_CAPTURE_AUTORELEASING = YES;
				CLANG_WARN_BOOL_CONVERSION = YES;
				CLANG_WARN_COMMA = YES;
				CLANG_WARN_CONSTANT_CONVERSION = YES;
				CLANG_WARN_DEPRECATED_OBJC_IMPLEMENTATIONS = YES;
				CLANG_WARN_DIRECT_OBJC_ISA_USAGE = YES_ERROR;
				CLANG_WARN_DOCUMENTATION_COMMENTS = YES;
				CLANG_WARN_EMPTY_BODY = YES;
				CLANG_WARN_ENUM_CONVERSION = YES;
				CLANG_WARN_INFINITE_RECURSION = YES;
				CLANG_WARN_INT_CONVERSION = YES;
				CLANG_WARN_NON_LITERAL_NULL_CONVERSION = YES;
				CLANG_WARN_OBJC_IMPLICIT_RETAIN_SELF = YES;
				CLANG_WARN_OBJC_LITERAL_CONVERSION = YES;
				CLANG_WARN_OBJC_ROOT_CLASS = YES_ERROR;
				CLANG_WARN_QUOTED_INCLUDE_IN_FRAMEWORK_HEADER = YES;
				CLANG_WARN_RANGE_LOOP_ANALYSIS = YES;
				CLANG_WARN_STRICT_PROTOTYPES = YES;
				CLANG_WARN_SUSPICIOUS_MOVE = YES;
				CLANG_WARN_UNGUARDED_AVAILABILITY = YES_AGGRESSIVE;
				CLANG_WARN_UNREACHABLE_CODE = YES;
				CLANG_WARN__DUPLICATE_METHOD_MATCH = YES;
				COPY_PHASE_STRIP = NO;
				DEBUG_INFORMATION_FORMAT = "dwarf-with-dsym";
				ENABLE_NS_ASSERTIONS = NO;
				ENABLE_STRICT_OBJC_MSGSEND = YES;
				GCC_C_LANGUAGE_STANDARD = gnu11;
				GCC_NO_COMMON_BLOCKS = YES;
				GCC_WARN_64_TO_32_BIT_CONVERSION = YES;
				GCC_WARN_ABOUT_RETURN_TYPE = YES_ERROR;
				GCC_WARN_UNDECLARED_SELECTOR = YES;
				GCC_WARN_UNINITIALIZED_AUTOS = YES_AGGRESSIVE;
				GCC_WARN_UNUSED_FUNCTION = YES;
				GCC_WARN_UNUSED_VARIABLE = YES;
				IPHONEOS_DEPLOYMENT_TARGET = 15.4;
				MTL_ENABLE_DEBUG_INFO = NO;
				MTL_FAST_MATH = YES;
				SDKROOT = iphoneos;
				SWIFT_COMPILATION_MODE = wholemodule;
				SWIFT_OPTIMIZATION_LEVEL = "-O";
				VALIDATE_PRODUCT = YES;
			};
			name = Release;
		};
		EF1E14BB282A7F2400682E57 /* Debug */ = {
			isa = XCBuildConfiguration;
			buildSettings = {
				ASSETCATALOG_COMPILER_APPICON_NAME = AppIcon;
				ASSETCATALOG_COMPILER_GLOBAL_ACCENT_COLOR_NAME = AccentColor;
				CODE_SIGN_STYLE = Automatic;
				CURRENT_PROJECT_VERSION = 1;
				DEVELOPMENT_ASSET_PATHS = "\"Moonshot/Preview Content\"";
				DEVELOPMENT_TEAM = CQQC8DT4FG;
				ENABLE_PREVIEWS = YES;
				GENERATE_INFOPLIST_FILE = YES;
				INFOPLIST_KEY_UIApplicationSceneManifest_Generation = YES;
				INFOPLIST_KEY_UIApplicationSupportsIndirectInputEvents = YES;
				INFOPLIST_KEY_UILaunchScreen_Generation = YES;
				INFOPLIST_KEY_UISupportedInterfaceOrientations_iPad = "UIInterfaceOrientationPortrait UIInterfaceOrientationPortraitUpsideDown UIInterfaceOrientationLandscapeLeft UIInterfaceOrientationLandscapeRight";
				INFOPLIST_KEY_UISupportedInterfaceOrientations_iPhone = "UIInterfaceOrientationPortrait UIInterfaceOrientationLandscapeLeft UIInterfaceOrientationLandscapeRight";
				LD_RUNPATH_SEARCH_PATHS = (
					"$(inherited)",
					"@executable_path/Frameworks",
				);
				MARKETING_VERSION = 1.0;
				PRODUCT_BUNDLE_IDENTIFIER = "com.rodrigoktarouco-gmail.com.Moonshot";
				PRODUCT_NAME = "$(TARGET_NAME)";
				SWIFT_EMIT_LOC_STRINGS = YES;
				SWIFT_VERSION = 5.0;
				TARGETED_DEVICE_FAMILY = "1,2";
			};
			name = Debug;
		};
		EF1E14BC282A7F2400682E57 /* Release */ = {
			isa = XCBuildConfiguration;
			buildSettings = {
				ASSETCATALOG_COMPILER_APPICON_NAME = AppIcon;
				ASSETCATALOG_COMPILER_GLOBAL_ACCENT_COLOR_NAME = AccentColor;
				CODE_SIGN_STYLE = Automatic;
				CURRENT_PROJECT_VERSION = 1;
				DEVELOPMENT_ASSET_PATHS = "\"Moonshot/Preview Content\"";
				DEVELOPMENT_TEAM = CQQC8DT4FG;
				ENABLE_PREVIEWS = YES;
				GENERATE_INFOPLIST_FILE = YES;
				INFOPLIST_KEY_UIApplicationSceneManifest_Generation = YES;
				INFOPLIST_KEY_UIApplicationSupportsIndirectInputEvents = YES;
				INFOPLIST_KEY_UILaunchScreen_Generation = YES;
				INFOPLIST_KEY_UISupportedInterfaceOrientations_iPad = "UIInterfaceOrientationPortrait UIInterfaceOrientationPortraitUpsideDown UIInterfaceOrientationLandscapeLeft UIInterfaceOrientationLandscapeRight";
				INFOPLIST_KEY_UISupportedInterfaceOrientations_iPhone = "UIInterfaceOrientationPortrait UIInterfaceOrientationLandscapeLeft UIInterfaceOrientationLandscapeRight";
				LD_RUNPATH_SEARCH_PATHS = (
					"$(inherited)",
					"@executable_path/Frameworks",
				);
				MARKETING_VERSION = 1.0;
				PRODUCT_BUNDLE_IDENTIFIER = "com.rodrigoktarouco-gmail.com.Moonshot";
				PRODUCT_NAME = "$(TARGET_NAME)";
				SWIFT_EMIT_LOC_STRINGS = YES;
				SWIFT_VERSION = 5.0;
				TARGETED_DEVICE_FAMILY = "1,2";
			};
			name = Release;
		};
/* End XCBuildConfiguration section */

/* Begin XCConfigurationList section */
		EF1E14A7282A7F2300682E57 /* Build configuration list for PBXProject "Moonshot" */ = {
			isa = XCConfigurationList;
			buildConfigurations = (
				EF1E14B8282A7F2400682E57 /* Debug */,
				EF1E14B9282A7F2400682E57 /* Release */,
			);
			defaultConfigurationIsVisible = 0;
			defaultConfigurationName = Release;
		};
		EF1E14BA282A7F2400682E57 /* Build configuration list for PBXNativeTarget "Moonshot" */ = {
			isa = XCConfigurationList;
			buildConfigurations = (
				EF1E14BB282A7F2400682E57 /* Debug */,
				EF1E14BC282A7F2400682E57 /* Release */,
			);
			defaultConfigurationIsVisible = 0;
			defaultConfigurationName = Release;
		};
/* End XCConfigurationList section */
	};
	rootObject = EF1E14A4282A7F2300682E57 /* Project object */;
}
